
Microsoft Visual Studio Solution File, Format Version 11.00
# Visual Studio 2010
Project("{FAE04EC0-301F-11D3-BF4B-00C04F79EFBC}") = "GeigerCrowd", "GeigerCrowd\GeigerCrowd.csproj", "{22F74BD9-8154-4264-A6EA-8935F402CF67}"
EndProject
Global
	GlobalSection(SolutionConfigurationPlatforms) = preSolution
		Debug|Any CPU = Debug|Any CPU
		Release|Any CPU = Release|Any CPU
	EndGlobalSection
	GlobalSection(ProjectConfigurationPlatforms) = postSolution
		{22F74BD9-8154-4264-A6EA-8935F402CF67}.Debug|Any CPU.ActiveCfg = Debug|Any CPU
		{22F74BD9-8154-4264-A6EA-8935F402CF67}.Debug|Any CPU.Build.0 = Debug|Any CPU
		{22F74BD9-8154-4264-A6EA-8935F402CF67}.Release|Any CPU.ActiveCfg = Release|Any CPU
		{22F74BD9-8154-4264-A6EA-8935F402CF67}.Release|Any CPU.Build.0 = Release|Any CPU
	EndGlobalSection
	GlobalSection(SolutionProperties) = preSolution
		HideSolutionNode = FALSE
	EndGlobalSection
EndGlobal
